
Microsoft Visual Studio Solution File, Format Version 12.00
# Visual Studio 14
VisualStudioVersion = 14.0.25123.0
MinimumVisualStudioVersion = 10.0.40219.1
Project("{FAE04EC0-301F-11D3-BF4B-00C04F79EFBC}") = "XFUserControl", "XFUserControl\XFUserControl\XFUserControl.csproj", "{BC873F23-B9A3-4E9E-BE7B-5A6B352B1142}"
EndProject
Project("{FAE04EC0-301F-11D3-BF4B-00C04F79EFBC}") = "XFUserControl.Droid", "XFUserControl\XFUserControl.Droid\XFUserControl.Droid.csproj", "{11207BA2-8640-41C5-858B-77196C7CF186}"
EndProject
Project("{FAE04EC0-301F-11D3-BF4B-00C04F79EFBC}") = "XFUserControl.iOS", "XFUserControl\XFUserControl.iOS\XFUserControl.iOS.csproj", "{F827714F-418A-47DB-B580-63CD7FA74A21}"
EndProject
Project("{FAE04EC0-301F-11D3-BF4B-00C04F79EFBC}") = "XFUserControl.UWP", "XFUserControl\XFUserControl.UWP\XFUserControl.UWP.csproj", "{349FB462-CDB8-4374-8597-992E0C4A2702}"
EndProject
Project("{FAE04EC0-301F-11D3-BF4B-00C04F79EFBC}") = "XFUserControl.Windows", "XFUserControl\XFUserControl.Windows\XFUserControl.Windows.csproj", "{9C25A5E3-43D4-435C-9B8A-AD8DEF97FA71}"
EndProject
Project("{FAE04EC0-301F-11D3-BF4B-00C04F79EFBC}") = "XFUserControl.WinPhone", "XFUserControl\XFUserControl.WinPhone\XFUserControl.WinPhone.csproj", "{A2B2BBCF-842A-48D7-8C85-0BCA6D31A9DA}"
EndProject
Global
	GlobalSection(SolutionConfigurationPlatforms) = preSolution
		Ad-Hoc|Any CPU = Ad-Hoc|Any CPU
		Ad-Hoc|ARM = Ad-Hoc|ARM
		Ad-Hoc|iPhone = Ad-Hoc|iPhone
		Ad-Hoc|iPhoneSimulator = Ad-Hoc|iPhoneSimulator
		Ad-Hoc|x64 = Ad-Hoc|x64
		Ad-Hoc|x86 = Ad-Hoc|x86
		AppStore|Any CPU = AppStore|Any CPU
		AppStore|ARM = AppStore|ARM
		AppStore|iPhone = AppStore|iPhone
		AppStore|iPhoneSimulator = AppStore|iPhoneSimulator
		AppStore|x64 = AppStore|x64
		AppStore|x86 = AppStore|x86
		Debug|Any CPU = Debug|Any CPU
		Debug|ARM = Debug|ARM
		Debug|iPhone = Debug|iPhone
		Debug|iPhoneSimulator = Debug|iPhoneSimulator
		Debug|x64 = Debug|x64
		Debug|x86 = Debug|x86
		Release|Any CPU = Release|Any CPU
		Release|ARM = Release|ARM
		Release|iPhone = Release|iPhone
		Release|iPhoneSimulator = Release|iPhoneSimulator
		Release|x64 = Release|x64
		Release|x86 = Release|x86
	EndGlobalSection
	GlobalSection(ProjectConfigurationPlatforms) = postSolution
		{BC873F23-B9A3-4E9E-BE7B-5A6B352B1142}.Ad-Hoc|Any CPU.ActiveCfg = Release|Any CPU
		{BC873F23-B9A3-4E9E-BE7B-5A6B352B1142}.Ad-Hoc|Any CPU.Build.0 = Release|Any CPU
		{BC873F23-B9A3-4E9E-BE7B-5A6B352B1142}.Ad-Hoc|ARM.ActiveCfg = Release|Any CPU
		{BC873F23-B9A3-4E9E-BE7B-5A6B352B1142}.Ad-Hoc|ARM.Build.0 = Release|Any CPU
		{BC873F23-B9A3-4E9E-BE7B-5A6B352B1142}.Ad-Hoc|iPhone.ActiveCfg = Release|Any CPU
		{BC873F23-B9A3-4E9E-BE7B-5A6B352B1142}.Ad-Hoc|iPhone.Build.0 = Release|Any CPU
		{BC873F23-B9A3-4E9E-BE7B-5A6B352B1142}.Ad-Hoc|iPhoneSimulator.ActiveCfg = Release|Any CPU
		{BC873F23-B9A3-4E9E-BE7B-5A6B352B1142}.Ad-Hoc|iPhoneSimulator.Build.0 = Release|Any CPU
		{BC873F23-B9A3-4E9E-BE7B-5A6B352B1142}.Ad-Hoc|x64.ActiveCfg = Release|Any CPU
		{BC873F23-B9A3-4E9E-BE7B-5A6B352B1142}.Ad-Hoc|x64.Build.0 = Release|Any CPU
		{BC873F23-B9A3-4E9E-BE7B-5A6B352B1142}.Ad-Hoc|x86.ActiveCfg = Release|Any CPU
		{BC873F23-B9A3-4E9E-BE7B-5A6B352B1142}.Ad-Hoc|x86.Build.0 = Release|Any CPU
		{BC873F23-B9A3-4E9E-BE7B-5A6B352B1142}.AppStore|Any CPU.ActiveCfg = Release|Any CPU
		{BC873F23-B9A3-4E9E-BE7B-5A6B352B1142}.AppStore|Any CPU.Build.0 = Release|Any CPU
		{BC873F23-B9A3-4E9E-BE7B-5A6B352B1142}.AppStore|ARM.ActiveCfg = Release|Any CPU
		{BC873F23-B9A3-4E9E-BE7B-5A6B352B1142}.AppStore|ARM.Build.0 = Release|Any CPU
		{BC873F23-B9A3-4E9E-BE7B-5A6B352B1142}.AppStore|iPhone.ActiveCfg = Release|Any CPU
		{BC873F23-B9A3-4E9E-BE7B-5A6B352B1142}.AppStore|iPhone.Build.0 = Release|Any CPU
		{BC873F23-B9A3-4E9E-BE7B-5A6B352B1142}.AppStore|iPhoneSimulator.ActiveCfg = Release|Any CPU
		{BC873F23-B9A3-4E9E-BE7B-5A6B352B1142}.AppStore|iPhoneSimulator.Build.0 = Release|Any CPU
		{BC873F23-B9A3-4E9E-BE7B-5A6B352B1142}.AppStore|x64.ActiveCfg = Release|Any CPU
		{BC873F23-B9A3-4E9E-BE7B-5A6B352B1142}.AppStore|x64.Build.0 = Release|Any CPU
		{BC873F23-B9A3-4E9E-BE7B-5A6B352B1142}.AppStore|x86.ActiveCfg = Release|Any CPU
		{BC873F23-B9A3-4E9E-BE7B-5A6B352B1142}.AppStore|x86.Build.0 = Release|Any CPU
		{BC873F23-B9A3-4E9E-BE7B-5A6B352B1142}.Debug|Any CPU.ActiveCfg = Debug|Any CPU
		{BC873F23-B9A3-4E9E-BE7B-5A6B352B1142}.Debug|Any CPU.Build.0 = Debug|Any CPU
		{BC873F23-B9A3-4E9E-BE7B-5A6B352B1142}.Debug|ARM.ActiveCfg = Debug|Any CPU
		{BC873F23-B9A3-4E9E-BE7B-5A6B352B1142}.Debug|ARM.Build.0 = Debug|Any CPU
		{BC873F23-B9A3-4E9E-BE7B-5A6B352B1142}.Debug|iPhone.ActiveCfg = Debug|Any CPU
		{BC873F23-B9A3-4E9E-BE7B-5A6B352B1142}.Debug|iPhone.Build.0 = Debug|Any CPU
		{BC873F23-B9A3-4E9E-BE7B-5A6B352B1142}.Debug|iPhoneSimulator.ActiveCfg = Debug|Any CPU
		{BC873F23-B9A3-4E9E-BE7B-5A6B352B1142}.Debug|iPhoneSimulator.Build.0 = Debug|Any CPU
		{BC873F23-B9A3-4E9E-BE7B-5A6B352B1142}.Debug|x64.ActiveCfg = Debug|Any CPU
		{BC873F23-B9A3-4E9E-BE7B-5A6B352B1142}.Debug|x64.Build.0 = Debug|Any CPU
		{BC873F23-B9A3-4E9E-BE7B-5A6B352B1142}.Debug|x86.ActiveCfg = Debug|Any CPU
		{BC873F23-B9A3-4E9E-BE7B-5A6B352B1142}.Debug|x86.Build.0 = Debug|Any CPU
		{BC873F23-B9A3-4E9E-BE7B-5A6B352B1142}.Release|Any CPU.ActiveCfg = Release|Any CPU
		{BC873F23-B9A3-4E9E-BE7B-5A6B352B1142}.Release|Any CPU.Build.0 = Release|Any CPU
		{BC873F23-B9A3-4E9E-BE7B-5A6B352B1142}.Release|ARM.ActiveCfg = Release|Any CPU
		{BC873F23-B9A3-4E9E-BE7B-5A6B352B1142}.Release|ARM.Build.0 = Release|Any CPU
		{BC873F23-B9A3-4E9E-BE7B-5A6B352B1142}.Release|iPhone.ActiveCfg = Release|Any CPU
		{BC873F23-B9A3-4E9E-BE7B-5A6B352B1142}.Release|iPhone.Build.0 = Release|Any CPU
		{BC873F23-B9A3-4E9E-BE7B-5A6B352B1142}.Release|iPhoneSimulator.ActiveCfg = Release|Any CPU
		{BC873F23-B9A3-4E9E-BE7B-5A6B352B1142}.Release|iPhoneSimulator.Build.0 = Release|Any CPU
		{BC873F23-B9A3-4E9E-BE7B-5A6B352B1142}.Release|x64.ActiveCfg = Release|Any CPU
		{BC873F23-B9A3-4E9E-BE7B-5A6B352B1142}.Release|x64.Build.0 = Release|Any CPU
		{BC873F23-B9A3-4E9E-BE7B-5A6B352B1142}.Release|x86.ActiveCfg = Release|Any CPU
		{BC873F23-B9A3-4E9E-BE7B-5A6B352B1142}.Release|x86.Build.0 = Release|Any CPU
		{11207BA2-8640-41C5-858B-77196C7CF186}.Ad-Hoc|Any CPU.ActiveCfg = Release|Any CPU
		{11207BA2-8640-41C5-858B-77196C7CF186}.Ad-Hoc|Any CPU.Build.0 = Release|Any CPU
		{11207BA2-8640-41C5-858B-77196C7CF186}.Ad-Hoc|Any CPU.Deploy.0 = Release|Any CPU
		{11207BA2-8640-41C5-858B-77196C7CF186}.Ad-Hoc|ARM.ActiveCfg = Release|Any CPU
		{11207BA2-8640-41C5-858B-77196C7CF186}.Ad-Hoc|ARM.Build.0 = Release|Any CPU
		{11207BA2-8640-41C5-858B-77196C7CF186}.Ad-Hoc|ARM.Deploy.0 = Release|Any CPU
		{11207BA2-8640-41C5-858B-77196C7CF186}.Ad-Hoc|iPhone.ActiveCfg = Release|Any CPU
		{11207BA2-8640-41C5-858B-77196C7CF186}.Ad-Hoc|iPhone.Build.0 = Release|Any CPU
		{11207BA2-8640-41C5-858B-77196C7CF186}.Ad-Hoc|iPhone.Deploy.0 = Release|Any CPU
		{11207BA2-8640-41C5-858B-77196C7CF186}.Ad-Hoc|iPhoneSimulator.ActiveCfg = Release|Any CPU
		{11207BA2-8640-41C5-858B-77196C7CF186}.Ad-Hoc|iPhoneSimulator.Build.0 = Release|Any CPU
		{11207BA2-8640-41C5-858B-77196C7CF186}.Ad-Hoc|iPhoneSimulator.Deploy.0 = Release|Any CPU
		{11207BA2-8640-41C5-858B-77196C7CF186}.Ad-Hoc|x64.ActiveCfg = Release|Any CPU
		{11207BA2-8640-41C5-858B-77196C7CF186}.Ad-Hoc|x64.Build.0 = Release|Any CPU
		{11207BA2-8640-41C5-858B-77196C7CF186}.Ad-Hoc|x64.Deploy.0 = Release|Any CPU
		{11207BA2-8640-41C5-858B-77196C7CF186}.Ad-Hoc|x86.ActiveCfg = Release|Any CPU
		{11207BA2-8640-41C5-858B-77196C7CF186}.Ad-Hoc|x86.Build.0 = Release|Any CPU
		{11207BA2-8640-41C5-858B-77196C7CF186}.Ad-Hoc|x86.Deploy.0 = Release|Any CPU
		{11207BA2-8640-41C5-858B-77196C7CF186}.AppStore|Any CPU.ActiveCfg = Release|Any CPU
		{11207BA2-8640-41C5-858B-77196C7CF186}.AppStore|Any CPU.Build.0 = Release|Any CPU
		{11207BA2-8640-41C5-858B-77196C7CF186}.AppStore|Any CPU.Deploy.0 = Release|Any CPU
		{11207BA2-8640-41C5-858B-77196C7CF186}.AppStore|ARM.ActiveCfg = Release|Any CPU
		{11207BA2-8640-41C5-858B-77196C7CF186}.AppStore|ARM.Build.0 = Release|Any CPU
		{11207BA2-8640-41C5-858B-77196C7CF186}.AppStore|ARM.Deploy.0 = Release|Any CPU
		{11207BA2-8640-41C5-858B-77196C7CF186}.AppStore|iPhone.ActiveCfg = Release|Any CPU
		{11207BA2-8640-41C5-858B-77196C7CF186}.AppStore|iPhone.Build.0 = Release|Any CPU
		{11207BA2-8640-41C5-858B-77196C7CF186}.AppStore|iPhone.Deploy.0 = Release|Any CPU
		{11207BA2-8640-41C5-858B-77196C7CF186}.AppStore|iPhoneSimulator.ActiveCfg = Release|Any CPU
		{11207BA2-8640-41C5-858B-77196C7CF186}.AppStore|iPhoneSimulator.Build.0 = Release|Any CPU
		{11207BA2-8640-41C5-858B-77196C7CF186}.AppStore|iPhoneSimulator.Deploy.0 = Release|Any CPU
		{11207BA2-8640-41C5-858B-77196C7CF186}.AppStore|x64.ActiveCfg = Release|Any CPU
		{11207BA2-8640-41C5-858B-77196C7CF186}.AppStore|x64.Build.0 = Release|Any CPU
		{11207BA2-8640-41C5-858B-77196C7CF186}.AppStore|x64.Deploy.0 = Release|Any CPU
		{11207BA2-8640-41C5-858B-77196C7CF186}.AppStore|x86.ActiveCfg = Release|Any CPU
		{11207BA2-8640-41C5-858B-77196C7CF186}.AppStore|x86.Build.0 = Release|Any CPU
		{11207BA2-8640-41C5-858B-77196C7CF186}.AppStore|x86.Deploy.0 = Release|Any CPU
		{11207BA2-8640-41C5-858B-77196C7CF186}.Debug|Any CPU.ActiveCfg = Debug|Any CPU
		{11207BA2-8640-41C5-858B-77196C7CF186}.Debug|Any CPU.Build.0 = Debug|Any CPU
		{11207BA2-8640-41C5-858B-77196C7CF186}.Debug|Any CPU.Deploy.0 = Debug|Any CPU
		{11207BA2-8640-41C5-858B-77196C7CF186}.Debug|ARM.ActiveCfg = Debug|Any CPU
		{11207BA2-8640-41C5-858B-77196C7CF186}.Debug|ARM.Build.0 = Debug|Any CPU
		{11207BA2-8640-41C5-858B-77196C7CF186}.Debug|ARM.Deploy.0 = Debug|Any CPU
		{11207BA2-8640-41C5-858B-77196C7CF186}.Debug|iPhone.ActiveCfg = Debug|Any CPU
		{11207BA2-8640-41C5-858B-77196C7CF186}.Debug|iPhone.Build.0 = Debug|Any CPU
		{11207BA2-8640-41C5-858B-77196C7CF186}.Debug|iPhone.Deploy.0 = Debug|Any CPU
		{11207BA2-8640-41C5-858B-77196C7CF186}.Debug|iPhoneSimulator.ActiveCfg = Debug|Any CPU
		{11207BA2-8640-41C5-858B-77196C7CF186}.Debug|iPhoneSimulator.Build.0 = Debug|Any CPU
		{11207BA2-8640-41C5-858B-77196C7CF186}.Debug|iPhoneSimulator.Deploy.0 = Debug|Any CPU
		{11207BA2-8640-41C5-858B-77196C7CF186}.Debug|x64.ActiveCfg = Debug|Any CPU
		{11207BA2-8640-41C5-858B-77196C7CF186}.Debug|x64.Build.0 = Debug|Any CPU
		{11207BA2-8640-41C5-858B-77196C7CF186}.Debug|x64.Deploy.0 = Debug|Any CPU
		{11207BA2-8640-41C5-858B-77196C7CF186}.Debug|x86.ActiveCfg = Debug|Any CPU
		{11207BA2-8640-41C5-858B-77196C7CF186}.Debug|x86.Build.0 = Debug|Any CPU
		{11207BA2-8640-41C5-858B-77196C7CF186}.Debug|x86.Deploy.0 = Debug|Any CPU
		{11207BA2-8640-41C5-858B-77196C7CF186}.Release|Any CPU.ActiveCfg = Release|Any CPU
		{11207BA2-8640-41C5-858B-77196C7CF186}.Release|Any CPU.Build.0 = Release|Any CPU
		{11207BA2-8640-41C5-858B-77196C7CF186}.Release|Any CPU.Deploy.0 = Release|Any CPU
		{11207BA2-8640-41C5-858B-77196C7CF186}.Release|ARM.ActiveCfg = Release|Any CPU
		{11207BA2-8640-41C5-858B-77196C7CF186}.Release|ARM.Build.0 = Release|Any CPU
		{11207BA2-8640-41C5-858B-77196C7CF186}.Release|ARM.Deploy.0 = Release|Any CPU
		{11207BA2-8640-41C5-858B-77196C7CF186}.Release|iPhone.ActiveCfg = Release|Any CPU
		{11207BA2-8640-41C5-858B-77196C7CF186}.Release|iPhone.Build.0 = Release|Any CPU
		{11207BA2-8640-41C5-858B-77196C7CF186}.Release|iPhone.Deploy.0 = Release|Any CPU
		{11207BA2-8640-41C5-858B-77196C7CF186}.Release|iPhoneSimulator.ActiveCfg = Release|Any CPU
		{11207BA2-8640-41C5-858B-77196C7CF186}.Release|iPhoneSimulator.Build.0 = Release|Any CPU
		{11207BA2-8640-41C5-858B-77196C7CF186}.Release|iPhoneSimulator.Deploy.0 = Release|Any CPU
		{11207BA2-8640-41C5-858B-77196C7CF186}.Release|x64.ActiveCfg = Release|Any CPU
		{11207BA2-8640-41C5-858B-77196C7CF186}.Release|x64.Build.0 = Release|Any CPU
		{11207BA2-8640-41C5-858B-77196C7CF186}.Release|x64.Deploy.0 = Release|Any CPU
		{11207BA2-8640-41C5-858B-77196C7CF186}.Release|x86.ActiveCfg = Release|Any CPU
		{11207BA2-8640-41C5-858B-77196C7CF186}.Release|x86.Build.0 = Release|Any CPU
		{11207BA2-8640-41C5-858B-77196C7CF186}.Release|x86.Deploy.0 = Release|Any CPU
		{F827714F-418A-47DB-B580-63CD7FA74A21}.Ad-Hoc|Any CPU.ActiveCfg = Ad-Hoc|iPhone
		{F827714F-418A-47DB-B580-63CD7FA74A21}.Ad-Hoc|ARM.ActiveCfg = Ad-Hoc|iPhone
		{F827714F-418A-47DB-B580-63CD7FA74A21}.Ad-Hoc|iPhone.ActiveCfg = Ad-Hoc|iPhone
		{F827714F-418A-47DB-B580-63CD7FA74A21}.Ad-Hoc|iPhone.Build.0 = Ad-Hoc|iPhone
		{F827714F-418A-47DB-B580-63CD7FA74A21}.Ad-Hoc|iPhoneSimulator.ActiveCfg = Ad-Hoc|iPhoneSimulator
		{F827714F-418A-47DB-B580-63CD7FA74A21}.Ad-Hoc|iPhoneSimulator.Build.0 = Ad-Hoc|iPhoneSimulator
		{F827714F-418A-47DB-B580-63CD7FA74A21}.Ad-Hoc|x64.ActiveCfg = Ad-Hoc|iPhone
		{F827714F-418A-47DB-B580-63CD7FA74A21}.Ad-Hoc|x86.ActiveCfg = Ad-Hoc|iPhone
		{F827714F-418A-47DB-B580-63CD7FA74A21}.AppStore|Any CPU.ActiveCfg = AppStore|iPhone
		{F827714F-418A-47DB-B580-63CD7FA74A21}.AppStore|ARM.ActiveCfg = AppStore|iPhone
		{F827714F-418A-47DB-B580-63CD7FA74A21}.AppStore|iPhone.ActiveCfg = AppStore|iPhone
		{F827714F-418A-47DB-B580-63CD7FA74A21}.AppStore|iPhone.Build.0 = AppStore|iPhone
		{F827714F-418A-47DB-B580-63CD7FA74A21}.AppStore|iPhoneSimulator.ActiveCfg = AppStore|iPhoneSimulator
		{F827714F-418A-47DB-B580-63CD7FA74A21}.AppStore|iPhoneSimulator.Build.0 = AppStore|iPhoneSimulator
		{F827714F-418A-47DB-B580-63CD7FA74A21}.AppStore|x64.ActiveCfg = AppStore|iPhone
		{F827714F-418A-47DB-B580-63CD7FA74A21}.AppStore|x86.ActiveCfg = AppStore|iPhone
		{F827714F-418A-47DB-B580-63CD7FA74A21}.Debug|Any CPU.ActiveCfg = Debug|iPhone
		{F827714F-418A-47DB-B580-63CD7FA74A21}.Debug|ARM.ActiveCfg = Debug|iPhone
		{F827714F-418A-47DB-B580-63CD7FA74A21}.Debug|iPhone.ActiveCfg = Debug|iPhone
		{F827714F-418A-47DB-B580-63CD7FA74A21}.Debug|iPhone.Build.0 = Debug|iPhone
		{F827714F-418A-47DB-B580-63CD7FA74A21}.Debug|iPhoneSimulator.ActiveCfg = Debug|iPhoneSimulator
		{F827714F-418A-47DB-B580-63CD7FA74A21}.Debug|iPhoneSimulator.Build.0 = Debug|iPhoneSimulator
		{F827714F-418A-47DB-B580-63CD7FA74A21}.Debug|x64.ActiveCfg = Debug|iPhone
		{F827714F-418A-47DB-B580-63CD7FA74A21}.Debug|x86.ActiveCfg = Debug|iPhone
		{F827714F-418A-47DB-B580-63CD7FA74A21}.Release|Any CPU.ActiveCfg = Release|iPhone
		{F827714F-418A-47DB-B580-63CD7FA74A21}.Release|ARM.ActiveCfg = Release|iPhone
		{F827714F-418A-47DB-B580-63CD7FA74A21}.Release|iPhone.ActiveCfg = Release|iPhone
		{F827714F-418A-47DB-B580-63CD7FA74A21}.Release|iPhone.Build.0 = Release|iPhone
		{F827714F-418A-47DB-B580-63CD7FA74A21}.Release|iPhoneSimulator.ActiveCfg = Release|iPhoneSimulator
		{F827714F-418A-47DB-B580-63CD7FA74A21}.Release|iPhoneSimulator.Build.0 = Release|iPhoneSimulator
		{F827714F-418A-47DB-B580-63CD7FA74A21}.Release|x64.ActiveCfg = Release|iPhone
		{F827714F-418A-47DB-B580-63CD7FA74A21}.Release|x86.ActiveCfg = Release|iPhone
		{349FB462-CDB8-4374-8597-992E0C4A2702}.Ad-Hoc|Any CPU.ActiveCfg = Release|x86
		{349FB462-CDB8-4374-8597-992E0C4A2702}.Ad-Hoc|Any CPU.Build.0 = Release|x86
		{349FB462-CDB8-4374-8597-992E0C4A2702}.Ad-Hoc|Any CPU.Deploy.0 = Release|x86
		{349FB462-CDB8-4374-8597-992E0C4A2702}.Ad-Hoc|ARM.ActiveCfg = Release|ARM
		{349FB462-CDB8-4374-8597-992E0C4A2702}.Ad-Hoc|ARM.Build.0 = Release|ARM
		{349FB462-CDB8-4374-8597-992E0C4A2702}.Ad-Hoc|ARM.Deploy.0 = Release|ARM
		{349FB462-CDB8-4374-8597-992E0C4A2702}.Ad-Hoc|iPhone.ActiveCfg = Release|x86
		{349FB462-CDB8-4374-8597-992E0C4A2702}.Ad-Hoc|iPhone.Build.0 = Release|x86
		{349FB462-CDB8-4374-8597-992E0C4A2702}.Ad-Hoc|iPhone.Deploy.0 = Release|x86
		{349FB462-CDB8-4374-8597-992E0C4A2702}.Ad-Hoc|iPhoneSimulator.ActiveCfg = Release|x86
		{349FB462-CDB8-4374-8597-992E0C4A2702}.Ad-Hoc|iPhoneSimulator.Build.0 = Release|x86
		{349FB462-CDB8-4374-8597-992E0C4A2702}.Ad-Hoc|iPhoneSimulator.Deploy.0 = Release|x86
		{349FB462-CDB8-4374-8597-992E0C4A2702}.Ad-Hoc|x64.ActiveCfg = Release|x64
		{349FB462-CDB8-4374-8597-992E0C4A2702}.Ad-Hoc|x64.Build.0 = Release|x64
		{349FB462-CDB8-4374-8597-992E0C4A2702}.Ad-Hoc|x64.Deploy.0 = Release|x64
		{349FB462-CDB8-4374-8597-992E0C4A2702}.Ad-Hoc|x86.ActiveCfg = Release|x86
		{349FB462-CDB8-4374-8597-992E0C4A2702}.Ad-Hoc|x86.Build.0 = Release|x86
		{349FB462-CDB8-4374-8597-992E0C4A2702}.Ad-Hoc|x86.Deploy.0 = Release|x86
		{349FB462-CDB8-4374-8597-992E0C4A2702}.AppStore|Any CPU.ActiveCfg = Release|x86
		{349FB462-CDB8-4374-8597-992E0C4A2702}.AppStore|Any CPU.Build.0 = Release|x86
		{349FB462-CDB8-4374-8597-992E0C4A2702}.AppStore|Any CPU.Deploy.0 = Release|x86
		{349FB462-CDB8-4374-8597-992E0C4A2702}.AppStore|ARM.ActiveCfg = Release|ARM
		{349FB462-CDB8-4374-8597-992E0C4A2702}.AppStore|ARM.Build.0 = Release|ARM
		{349FB462-CDB8-4374-8597-992E0C4A2702}.AppStore|ARM.Deploy.0 = Release|ARM
		{349FB462-CDB8-4374-8597-992E0C4A2702}.AppStore|iPhone.ActiveCfg = Release|x86
		{349FB462-CDB8-4374-8597-992E0C4A2702}.AppStore|iPhone.Build.0 = Release|x86
		{349FB462-CDB8-4374-8597-992E0C4A2702}.AppStore|iPhone.Deploy.0 = Release|x86
		{349FB462-CDB8-4374-8597-992E0C4A2702}.AppStore|iPhoneSimulator.ActiveCfg = Release|x86
		{349FB462-CDB8-4374-8597-992E0C4A2702}.AppStore|iPhoneSimulator.Build.0 = Release|x86
		{349FB462-CDB8-4374-8597-992E0C4A2702}.AppStore|iPhoneSimulator.Deploy.0 = Release|x86
		{349FB462-CDB8-4374-8597-992E0C4A2702}.AppStore|x64.ActiveCfg = Release|x64
		{349FB462-CDB8-4374-8597-992E0C4A2702}.AppStore|x64.Build.0 = Release|x64
		{349FB462-CDB8-4374-8597-992E0C4A2702}.AppStore|x64.Deploy.0 = Release|x64
		{349FB462-CDB8-4374-8597-992E0C4A2702}.AppStore|x86.ActiveCfg = Release|x86
		{349FB462-CDB8-4374-8597-992E0C4A2702}.AppStore|x86.Build.0 = Release|x86
		{349FB462-CDB8-4374-8597-992E0C4A2702}.AppStore|x86.Deploy.0 = Release|x86
		{349FB462-CDB8-4374-8597-992E0C4A2702}.Debug|Any CPU.ActiveCfg = Debug|x86
		{349FB462-CDB8-4374-8597-992E0C4A2702}.Debug|ARM.ActiveCfg = Debug|ARM
		{349FB462-CDB8-4374-8597-992E0C4A2702}.Debug|ARM.Build.0 = Debug|ARM
		{349FB462-CDB8-4374-8597-992E0C4A2702}.Debug|ARM.Deploy.0 = Debug|ARM
		{349FB462-CDB8-4374-8597-992E0C4A2702}.Debug|iPhone.ActiveCfg = Debug|x86
		{349FB462-CDB8-4374-8597-992E0C4A2702}.Debug|iPhoneSimulator.ActiveCfg = Debug|x86
		{349FB462-CDB8-4374-8597-992E0C4A2702}.Debug|x64.ActiveCfg = Debug|x64
		{349FB462-CDB8-4374-8597-992E0C4A2702}.Debug|x64.Build.0 = Debug|x64
		{349FB462-CDB8-4374-8597-992E0C4A2702}.Debug|x64.Deploy.0 = Debug|x64
		{349FB462-CDB8-4374-8597-992E0C4A2702}.Debug|x86.ActiveCfg = Debug|x86
		{349FB462-CDB8-4374-8597-992E0C4A2702}.Debug|x86.Build.0 = Debug|x86
		{349FB462-CDB8-4374-8597-992E0C4A2702}.Debug|x86.Deploy.0 = Debug|x86
		{349FB462-CDB8-4374-8597-992E0C4A2702}.Release|Any CPU.ActiveCfg = Release|x86
		{349FB462-CDB8-4374-8597-992E0C4A2702}.Release|ARM.ActiveCfg = Release|ARM
		{349FB462-CDB8-4374-8597-992E0C4A2702}.Release|ARM.Build.0 = Release|ARM
		{349FB462-CDB8-4374-8597-992E0C4A2702}.Release|ARM.Deploy.0 = Release|ARM
		{349FB462-CDB8-4374-8597-992E0C4A2702}.Release|iPhone.ActiveCfg = Release|x86
		{349FB462-CDB8-4374-8597-992E0C4A2702}.Release|iPhoneSimulator.ActiveCfg = Release|x86
		{349FB462-CDB8-4374-8597-992E0C4A2702}.Release|x64.ActiveCfg = Release|x64
		{349FB462-CDB8-4374-8597-992E0C4A2702}.Release|x64.Build.0 = Release|x64
		{349FB462-CDB8-4374-8597-992E0C4A2702}.Release|x64.Deploy.0 = Release|x64
		{349FB462-CDB8-4374-8597-992E0C4A2702}.Release|x86.ActiveCfg = Release|x86
		{349FB462-CDB8-4374-8597-992E0C4A2702}.Release|x86.Build.0 = Release|x86
		{349FB462-CDB8-4374-8597-992E0C4A2702}.Release|x86.Deploy.0 = Release|x86
		{9C25A5E3-43D4-435C-9B8A-AD8DEF97FA71}.Ad-Hoc|Any CPU.ActiveCfg = Release|Any CPU
		{9C25A5E3-43D4-435C-9B8A-AD8DEF97FA71}.Ad-Hoc|Any CPU.Build.0 = Release|Any CPU
		{9C25A5E3-43D4-435C-9B8A-AD8DEF97FA71}.Ad-Hoc|Any CPU.Deploy.0 = Release|Any CPU
		{9C25A5E3-43D4-435C-9B8A-AD8DEF97FA71}.Ad-Hoc|ARM.ActiveCfg = Release|ARM
		{9C25A5E3-43D4-435C-9B8A-AD8DEF97FA71}.Ad-Hoc|ARM.Build.0 = Release|ARM
		{9C25A5E3-43D4-435C-9B8A-AD8DEF97FA71}.Ad-Hoc|ARM.Deploy.0 = Release|ARM
		{9C25A5E3-43D4-435C-9B8A-AD8DEF97FA71}.Ad-Hoc|iPhone.ActiveCfg = Release|Any CPU
		{9C25A5E3-43D4-435C-9B8A-AD8DEF97FA71}.Ad-Hoc|iPhone.Build.0 = Release|Any CPU
		{9C25A5E3-43D4-435C-9B8A-AD8DEF97FA71}.Ad-Hoc|iPhone.Deploy.0 = Release|Any CPU
		{9C25A5E3-43D4-435C-9B8A-AD8DEF97FA71}.Ad-Hoc|iPhoneSimulator.ActiveCfg = Release|Any CPU
		{9C25A5E3-43D4-435C-9B8A-AD8DEF97FA71}.Ad-Hoc|iPhoneSimulator.Build.0 = Release|Any CPU
		{9C25A5E3-43D4-435C-9B8A-AD8DEF97FA71}.Ad-Hoc|iPhoneSimulator.Deploy.0 = Release|Any CPU
		{9C25A5E3-43D4-435C-9B8A-AD8DEF97FA71}.Ad-Hoc|x64.ActiveCfg = Release|x64
		{9C25A5E3-43D4-435C-9B8A-AD8DEF97FA71}.Ad-Hoc|x64.Build.0 = Release|x64
		{9C25A5E3-43D4-435C-9B8A-AD8DEF97FA71}.Ad-Hoc|x64.Deploy.0 = Release|x64
		{9C25A5E3-43D4-435C-9B8A-AD8DEF97FA71}.Ad-Hoc|x86.ActiveCfg = Release|x86
		{9C25A5E3-43D4-435C-9B8A-AD8DEF97FA71}.Ad-Hoc|x86.Build.0 = Release|x86
		{9C25A5E3-43D4-435C-9B8A-AD8DEF97FA71}.Ad-Hoc|x86.Deploy.0 = Release|x86
		{9C25A5E3-43D4-435C-9B8A-AD8DEF97FA71}.AppStore|Any CPU.ActiveCfg = Release|Any CPU
		{9C25A5E3-43D4-435C-9B8A-AD8DEF97FA71}.AppStore|Any CPU.Build.0 = Release|Any CPU
		{9C25A5E3-43D4-435C-9B8A-AD8DEF97FA71}.AppStore|Any CPU.Deploy.0 = Release|Any CPU
		{9C25A5E3-43D4-435C-9B8A-AD8DEF97FA71}.AppStore|ARM.ActiveCfg = Release|ARM
		{9C25A5E3-43D4-435C-9B8A-AD8DEF97FA71}.AppStore|ARM.Build.0 = Release|ARM
		{9C25A5E3-43D4-435C-9B8A-AD8DEF97FA71}.AppStore|ARM.Deploy.0 = Release|ARM
		{9C25A5E3-43D4-435C-9B8A-AD8DEF97FA71}.AppStore|iPhone.ActiveCfg = Release|Any CPU
		{9C25A5E3-43D4-435C-9B8A-AD8DEF97FA71}.AppStore|iPhone.Build.0 = Release|Any CPU
		{9C25A5E3-43D4-435C-9B8A-AD8DEF97FA71}.AppStore|iPhone.Deploy.0 = Release|Any CPU
		{9C25A5E3-43D4-435C-9B8A-AD8DEF97FA71}.AppStore|iPhoneSimulator.ActiveCfg = Release|Any CPU
		{9C25A5E3-43D4-435C-9B8A-AD8DEF97FA71}.AppStore|iPhoneSimulator.Build.0 = Release|Any CPU
		{9C25A5E3-43D4-435C-9B8A-AD8DEF97FA71}.AppStore|iPhoneSimulator.Deploy.0 = Release|Any CPU
		{9C25A5E3-43D4-435C-9B8A-AD8DEF97FA71}.AppStore|x64.ActiveCfg = Release|x64
		{9C25A5E3-43D4-435C-9B8A-AD8DEF97FA71}.AppStore|x64.Build.0 = Release|x64
		{9C25A5E3-43D4-435C-9B8A-AD8DEF97FA71}.AppStore|x64.Deploy.0 = Release|x64
		{9C25A5E3-43D4-435C-9B8A-AD8DEF97FA71}.AppStore|x86.ActiveCfg = Release|x86
		{9C25A5E3-43D4-435C-9B8A-AD8DEF97FA71}.AppStore|x86.Build.0 = Release|x86
		{9C25A5E3-43D4-435C-9B8A-AD8DEF97FA71}.AppStore|x86.Deploy.0 = Release|x86
		{9C25A5E3-43D4-435C-9B8A-AD8DEF97FA71}.Debug|Any CPU.ActiveCfg = Debug|Any CPU
		{9C25A5E3-43D4-435C-9B8A-AD8DEF97FA71}.Debug|Any CPU.Build.0 = Debug|Any CPU
		{9C25A5E3-43D4-435C-9B8A-AD8DEF97FA71}.Debug|Any CPU.Deploy.0 = Debug|Any CPU
		{9C25A5E3-43D4-435C-9B8A-AD8DEF97FA71}.Debug|ARM.ActiveCfg = Debug|ARM
		{9C25A5E3-43D4-435C-9B8A-AD8DEF97FA71}.Debug|ARM.Build.0 = Debug|ARM
		{9C25A5E3-43D4-435C-9B8A-AD8DEF97FA71}.Debug|ARM.Deploy.0 = Debug|ARM
		{9C25A5E3-43D4-435C-9B8A-AD8DEF97FA71}.Debug|iPhone.ActiveCfg = Debug|Any CPU
		{9C25A5E3-43D4-435C-9B8A-AD8DEF97FA71}.Debug|iPhone.Build.0 = Debug|Any CPU
		{9C25A5E3-43D4-435C-9B8A-AD8DEF97FA71}.Debug|iPhone.Deploy.0 = Debug|Any CPU
		{9C25A5E3-43D4-435C-9B8A-AD8DEF97FA71}.Debug|iPhoneSimulator.ActiveCfg = Debug|Any CPU
		{9C25A5E3-43D4-435C-9B8A-AD8DEF97FA71}.Debug|iPhoneSimulator.Build.0 = Debug|Any CPU
		{9C25A5E3-43D4-435C-9B8A-AD8DEF97FA71}.Debug|iPhoneSimulator.Deploy.0 = Debug|Any CPU
		{9C25A5E3-43D4-435C-9B8A-AD8DEF97FA71}.Debug|x64.ActiveCfg = Debug|x64
		{9C25A5E3-43D4-435C-9B8A-AD8DEF97FA71}.Debug|x64.Build.0 = Debug|x64
		{9C25A5E3-43D4-435C-9B8A-AD8DEF97FA71}.Debug|x64.Deploy.0 = Debug|x64
		{9C25A5E3-43D4-435C-9B8A-AD8DEF97FA71}.Debug|x86.ActiveCfg = Debug|x86
		{9C25A5E3-43D4-435C-9B8A-AD8DEF97FA71}.Debug|x86.Build.0 = Debug|x86
		{9C25A5E3-43D4-435C-9B8A-AD8DEF97FA71}.Debug|x86.Deploy.0 = Debug|x86
		{9C25A5E3-43D4-435C-9B8A-AD8DEF97FA71}.Release|Any CPU.ActiveCfg = Release|Any CPU
		{9C25A5E3-43D4-435C-9B8A-AD8DEF97FA71}.Release|Any CPU.Build.0 = Release|Any CPU
		{9C25A5E3-43D4-435C-9B8A-AD8DEF97FA71}.Release|Any CPU.Deploy.0 = Release|Any CPU
		{9C25A5E3-43D4-435C-9B8A-AD8DEF97FA71}.Release|ARM.ActiveCfg = Release|ARM
		{9C25A5E3-43D4-435C-9B8A-AD8DEF97FA71}.Release|ARM.Build.0 = Release|ARM
		{9C25A5E3-43D4-435C-9B8A-AD8DEF97FA71}.Release|ARM.Deploy.0 = Release|ARM
		{9C25A5E3-43D4-435C-9B8A-AD8DEF97FA71}.Release|iPhone.ActiveCfg = Release|Any CPU
		{9C25A5E3-43D4-435C-9B8A-AD8DEF97FA71}.Release|iPhone.Build.0 = Release|Any CPU
		{9C25A5E3-43D4-435C-9B8A-AD8DEF97FA71}.Release|iPhone.Deploy.0 = Release|Any CPU
		{9C25A5E3-43D4-435C-9B8A-AD8DEF97FA71}.Release|iPhoneSimulator.ActiveCfg = Release|Any CPU
		{9C25A5E3-43D4-435C-9B8A-AD8DEF97FA71}.Release|iPhoneSimulator.Build.0 = Release|Any CPU
		{9C25A5E3-43D4-435C-9B8A-AD8DEF97FA71}.Release|iPhoneSimulator.Deploy.0 = Release|Any CPU
		{9C25A5E3-43D4-435C-9B8A-AD8DEF97FA71}.Release|x64.ActiveCfg = Release|x64
		{9C25A5E3-43D4-435C-9B8A-AD8DEF97FA71}.Release|x64.Build.0 = Release|x64
		{9C25A5E3-43D4-435C-9B8A-AD8DEF97FA71}.Release|x64.Deploy.0 = Release|x64
		{9C25A5E3-43D4-435C-9B8A-AD8DEF97FA71}.Release|x86.ActiveCfg = Release|x86
		{9C25A5E3-43D4-435C-9B8A-AD8DEF97FA71}.Release|x86.Build.0 = Release|x86
		{9C25A5E3-43D4-435C-9B8A-AD8DEF97FA71}.Release|x86.Deploy.0 = Release|x86
		{A2B2BBCF-842A-48D7-8C85-0BCA6D31A9DA}.Ad-Hoc|Any CPU.ActiveCfg = Release|Any CPU
		{A2B2BBCF-842A-48D7-8C85-0BCA6D31A9DA}.Ad-Hoc|Any CPU.Build.0 = Release|Any CPU
		{A2B2BBCF-842A-48D7-8C85-0BCA6D31A9DA}.Ad-Hoc|Any CPU.Deploy.0 = Release|Any CPU
		{A2B2BBCF-842A-48D7-8C85-0BCA6D31A9DA}.Ad-Hoc|ARM.ActiveCfg = Release|ARM
		{A2B2BBCF-842A-48D7-8C85-0BCA6D31A9DA}.Ad-Hoc|ARM.Build.0 = Release|ARM
		{A2B2BBCF-842A-48D7-8C85-0BCA6D31A9DA}.Ad-Hoc|ARM.Deploy.0 = Release|ARM
		{A2B2BBCF-842A-48D7-8C85-0BCA6D31A9DA}.Ad-Hoc|iPhone.ActiveCfg = Release|Any CPU
		{A2B2BBCF-842A-48D7-8C85-0BCA6D31A9DA}.Ad-Hoc|iPhone.Build.0 = Release|Any CPU
		{A2B2BBCF-842A-48D7-8C85-0BCA6D31A9DA}.Ad-Hoc|iPhone.Deploy.0 = Release|Any CPU
		{A2B2BBCF-842A-48D7-8C85-0BCA6D31A9DA}.Ad-Hoc|iPhoneSimulator.ActiveCfg = Release|Any CPU
		{A2B2BBCF-842A-48D7-8C85-0BCA6D31A9DA}.Ad-Hoc|iPhoneSimulator.Build.0 = Release|Any CPU
		{A2B2BBCF-842A-48D7-8C85-0BCA6D31A9DA}.Ad-Hoc|iPhoneSimulator.Deploy.0 = Release|Any CPU
		{A2B2BBCF-842A-48D7-8C85-0BCA6D31A9DA}.Ad-Hoc|x64.ActiveCfg = Release|Any CPU
		{A2B2BBCF-842A-48D7-8C85-0BCA6D31A9DA}.Ad-Hoc|x64.Build.0 = Release|Any CPU
		{A2B2BBCF-842A-48D7-8C85-0BCA6D31A9DA}.Ad-Hoc|x64.Deploy.0 = Release|Any CPU
		{A2B2BBCF-842A-48D7-8C85-0BCA6D31A9DA}.Ad-Hoc|x86.ActiveCfg = Release|x86
		{A2B2BBCF-842A-48D7-8C85-0BCA6D31A9DA}.Ad-Hoc|x86.Build.0 = Release|x86
		{A2B2BBCF-842A-48D7-8C85-0BCA6D31A9DA}.Ad-Hoc|x86.Deploy.0 = Release|x86
		{A2B2BBCF-842A-48D7-8C85-0BCA6D31A9DA}.AppStore|Any CPU.ActiveCfg = Release|Any CPU
		{A2B2BBCF-842A-48D7-8C85-0BCA6D31A9DA}.AppStore|Any CPU.Build.0 = Release|Any CPU
		{A2B2BBCF-842A-48D7-8C85-0BCA6D31A9DA}.AppStore|Any CPU.Deploy.0 = Release|Any CPU
		{A2B2BBCF-842A-48D7-8C85-0BCA6D31A9DA}.AppStore|ARM.ActiveCfg = Release|ARM
		{A2B2BBCF-842A-48D7-8C85-0BCA6D31A9DA}.AppStore|ARM.Build.0 = Release|ARM
		{A2B2BBCF-842A-48D7-8C85-0BCA6D31A9DA}.AppStore|ARM.Deploy.0 = Release|ARM
		{A2B2BBCF-842A-48D7-8C85-0BCA6D31A9DA}.AppStore|iPhone.ActiveCfg = Release|Any CPU
		{A2B2BBCF-842A-48D7-8C85-0BCA6D31A9DA}.AppStore|iPhone.Build.0 = Release|Any CPU
		{A2B2BBCF-842A-48D7-8C85-0BCA6D31A9DA}.AppStore|iPhone.Deploy.0 = Release|Any CPU
		{A2B2BBCF-842A-48D7-8C85-0BCA6D31A9DA}.AppStore|iPhoneSimulator.ActiveCfg = Release|Any CPU
		{A2B2BBCF-842A-48D7-8C85-0BCA6D31A9DA}.AppStore|iPhoneSimulator.Build.0 = Release|Any CPU
		{A2B2BBCF-842A-48D7-8C85-0BCA6D31A9DA}.AppStore|iPhoneSimulator.Deploy.0 = Release|Any CPU
		{A2B2BBCF-842A-48D7-8C85-0BCA6D31A9DA}.AppStore|x64.ActiveCfg = Release|Any CPU
		{A2B2BBCF-842A-48D7-8C85-0BCA6D31A9DA}.AppStore|x64.Build.0 = Release|Any CPU
		{A2B2BBCF-842A-48D7-8C85-0BCA6D31A9DA}.AppStore|x64.Deploy.0 = Release|Any CPU
		{A2B2BBCF-842A-48D7-8C85-0BCA6D31A9DA}.AppStore|x86.ActiveCfg = Release|x86
		{A2B2BBCF-842A-48D7-8C85-0BCA6D31A9DA}.AppStore|x86.Build.0 = Release|x86
		{A2B2BBCF-842A-48D7-8C85-0BCA6D31A9DA}.AppStore|x86.Deploy.0 = Release|x86
		{A2B2BBCF-842A-48D7-8C85-0BCA6D31A9DA}.Debug|Any CPU.ActiveCfg = Debug|Any CPU
		{A2B2BBCF-842A-48D7-8C85-0BCA6D31A9DA}.Debug|Any CPU.Build.0 = Debug|Any CPU
		{A2B2BBCF-842A-48D7-8C85-0BCA6D31A9DA}.Debug|Any CPU.Deploy.0 = Debug|Any CPU
		{A2B2BBCF-842A-48D7-8C85-0BCA6D31A9DA}.Debug|ARM.ActiveCfg = Debug|ARM
		{A2B2BBCF-842A-48D7-8C85-0BCA6D31A9DA}.Debug|ARM.Build.0 = Debug|ARM
		{A2B2BBCF-842A-48D7-8C85-0BCA6D31A9DA}.Debug|ARM.Deploy.0 = Debug|ARM
		{A2B2BBCF-842A-48D7-8C85-0BCA6D31A9DA}.Debug|iPhone.ActiveCfg = Debug|Any CPU
		{A2B2BBCF-842A-48D7-8C85-0BCA6D31A9DA}.Debug|iPhone.Build.0 = Debug|Any CPU
		{A2B2BBCF-842A-48D7-8C85-0BCA6D31A9DA}.Debug|iPhone.Deploy.0 = Debug|Any CPU
		{A2B2BBCF-842A-48D7-8C85-0BCA6D31A9DA}.Debug|iPhoneSimulator.ActiveCfg = Debug|Any CPU
		{A2B2BBCF-842A-48D7-8C85-0BCA6D31A9DA}.Debug|iPhoneSimulator.Build.0 = Debug|Any CPU
		{A2B2BBCF-842A-48D7-8C85-0BCA6D31A9DA}.Debug|iPhoneSimulator.Deploy.0 = Debug|Any CPU
		{A2B2BBCF-842A-48D7-8C85-0BCA6D31A9DA}.Debug|x64.ActiveCfg = Debug|Any CPU
		{A2B2BBCF-842A-48D7-8C85-0BCA6D31A9DA}.Debug|x64.Build.0 = Debug|Any CPU
		{A2B2BBCF-842A-48D7-8C85-0BCA6D31A9DA}.Debug|x64.Deploy.0 = Debug|Any CPU
		{A2B2BBCF-842A-48D7-8C85-0BCA6D31A9DA}.Debug|x86.ActiveCfg = Debug|x86
		{A2B2BBCF-842A-48D7-8C85-0BCA6D31A9DA}.Debug|x86.Build.0 = Debug|x86
		{A2B2BBCF-842A-48D7-8C85-0BCA6D31A9DA}.Debug|x86.Deploy.0 = Debug|x86
		{A2B2BBCF-842A-48D7-8C85-0BCA6D31A9DA}.Release|Any CPU.ActiveCfg = Release|Any CPU
		{A2B2BBCF-842A-48D7-8C85-0BCA6D31A9DA}.Release|Any CPU.Build.0 = Release|Any CPU
		{A2B2BBCF-842A-48D7-8C85-0BCA6D31A9DA}.Release|Any CPU.Deploy.0 = Release|Any CPU
		{A2B2BBCF-842A-48D7-8C85-0BCA6D31A9DA}.Release|ARM.ActiveCfg = Release|ARM
		{A2B2BBCF-842A-48D7-8C85-0BCA6D31A9DA}.Release|ARM.Build.0 = Release|ARM
		{A2B2BBCF-842A-48D7-8C85-0BCA6D31A9DA}.Release|ARM.Deploy.0 = Release|ARM
		{A2B2BBCF-842A-48D7-8C85-0BCA6D31A9DA}.Release|iPhone.ActiveCfg = Release|Any CPU
		{A2B2BBCF-842A-48D7-8C85-0BCA6D31A9DA}.Release|iPhone.Build.0 = Release|Any CPU
		{A2B2BBCF-842A-48D7-8C85-0BCA6D31A9DA}.Release|iPhone.Deploy.0 = Release|Any CPU
		{A2B2BBCF-842A-48D7-8C85-0BCA6D31A9DA}.Release|iPhoneSimulator.ActiveCfg = Release|Any CPU
		{A2B2BBCF-842A-48D7-8C85-0BCA6D31A9DA}.Release|iPhoneSimulator.Build.0 = Release|Any CPU
		{A2B2BBCF-842A-48D7-8C85-0BCA6D31A9DA}.Release|iPhoneSimulator.Deploy.0 = Release|Any CPU
		{A2B2BBCF-842A-48D7-8C85-0BCA6D31A9DA}.Release|x64.ActiveCfg = Release|Any CPU
		{A2B2BBCF-842A-48D7-8C85-0BCA6D31A9DA}.Release|x64.Build.0 = Release|Any CPU
		{A2B2BBCF-842A-48D7-8C85-0BCA6D31A9DA}.Release|x64.Deploy.0 = Release|Any CPU
		{A2B2BBCF-842A-48D7-8C85-0BCA6D31A9DA}.Release|x86.ActiveCfg = Release|x86
		{A2B2BBCF-842A-48D7-8C85-0BCA6D31A9DA}.Release|x86.Build.0 = Release|x86
		{A2B2BBCF-842A-48D7-8C85-0BCA6D31A9DA}.Release|x86.Deploy.0 = Release|x86
	EndGlobalSection
	GlobalSection(SolutionProperties) = preSolution
		HideSolutionNode = FALSE
	EndGlobalSection
EndGlobal
